{
  "version": 4,
  "terraform_version": "1.14.3",
  "serial": 49,
  "lineage": "a7a18491-16af-fb41-9756-05a3ba84bc14",
  "outputs": {},
  "resources": [
    {
      "mode": "managed",
      "type": "local_file",
      "name": "f1",
      "provider": "provider[\"registry.terraform.io/hashicorp/local\"]",
      "instances": [
        {
          "schema_version": 0,
          "attributes": {
            "content": "f7627d8453641eba6c3cc61e6f33f803c140ae2b",
            "content_base64": null,
            "content_base64sha256": "0zMqTFkgHf7F4ShAtdbeKEI14ATdEdrgyBwDLMddTh4=",
            "content_base64sha512": "15ktah1YLD1S0vn2c/T0the0FgTENimIQitye3loTyBi35xGrA0RVsbGN95sOLHaIA/rZlDOB+v8yheDmirjLA==",
            "content_md5": "b774d449ed45151f507326d6b398b6df",
            "content_sha1": "40dc1cc304ef1a0f776e935f07a5fdbd0d700a47",
            "content_sha256": "d3332a4c59201dfec5e12840b5d6de284235e004dd11dae0c81c032cc75d4e1e",
            "content_sha512": "d7992d6a1d582c3d52d2f9f673f4f4b617b41604c4362988422b727b79684f2062df9c46ac0d1156c6c637de6c38b1da200feb6650ce07ebfcca17839a2ae32c",
            "directory_permission": "0777",
            "file_permission": "0777",
            "filename": "abc_modified",
            "id": "40dc1cc304ef1a0f776e935f07a5fdbd0d700a47",
            "sensitive_content": null,
            "source": null
          },
          "sensitive_attributes": [
            [
              {
                "type": "get_attr",
                "value": "sensitive_content"
              }
            ]
          ],
          "identity_schema_version": 0,
          "dependencies": [
            "local_file.f3"
          ],
          "create_before_destroy": true
        }
      ]
    },
    {
      "mode": "managed",
      "type": "local_file",
      "name": "f11",
      "provider": "provider[\"registry.terraform.io/hashicorp/local\"]",
      "instances": [
        {
          "index_key": 0,
          "schema_version": 0,
          "attributes": {
            "content": "aaa",
            "content_base64": null,
            "content_base64sha256": "mDSHbc+wXLFnpcJJU+uljErImxrfV/KPL50JrxB+6PA=",
            "content_base64sha512": "1vZEsZgS6XtdhxZY1tNADs1Hh/rrm4mQwedggohmS+dyVxBKWNAzvPGg4JRf8GRo6+U+Lf824khCTHJzEX2sCQ==",
            "content_md5": "47bce5c74f589f4867dbd57e9ca9f808",
            "content_sha1": "7e240de74fb1ed08fa08d38063f6a6a91462a815",
            "content_sha256": "9834876dcfb05cb167a5c24953eba58c4ac89b1adf57f28f2f9d09af107ee8f0",
            "content_sha512": "d6f644b19812e97b5d871658d6d3400ecd4787faeb9b8990c1e7608288664be77257104a58d033bcf1a0e0945ff06468ebe53e2dff36e248424c7273117dac09",
            "directory_permission": "0777",
            "file_permission": "0777",
            "filename": "abc.txt",
            "id": "7e240de74fb1ed08fa08d38063f6a6a91462a815",
            "sensitive_content": null,
            "source": null
          },
          "sensitive_attributes": [
            [
              {
                "type": "get_attr",
                "value": "sensitive_content"
              }
            ]
          ],
          "identity_schema_version": 0
        },
        {
          "index_key": 1,
          "schema_version": 0,
          "attributes": {
            "content": "aaa",
            "content_base64": null,
            "content_base64sha256": "mDSHbc+wXLFnpcJJU+uljErImxrfV/KPL50JrxB+6PA=",
            "content_base64sha512": "1vZEsZgS6XtdhxZY1tNADs1Hh/rrm4mQwedggohmS+dyVxBKWNAzvPGg4JRf8GRo6+U+Lf824khCTHJzEX2sCQ==",
            "content_md5": "47bce5c74f589f4867dbd57e9ca9f808",
            "content_sha1": "7e240de74fb1ed08fa08d38063f6a6a91462a815",
            "content_sha256": "9834876dcfb05cb167a5c24953eba58c4ac89b1adf57f28f2f9d09af107ee8f0",
            "content_sha512": "d6f644b19812e97b5d871658d6d3400ecd4787faeb9b8990c1e7608288664be77257104a58d033bcf1a0e0945ff06468ebe53e2dff36e248424c7273117dac09",
            "directory_permission": "0777",
            "file_permission": "0777",
            "filename": "xyz.txt",
            "id": "7e240de74fb1ed08fa08d38063f6a6a91462a815",
            "sensitive_content": null,
            "source": null
          },
          "sensitive_attributes": [
            [
              {
                "type": "get_attr",
                "value": "sensitive_content"
              }
            ]
          ],
          "identity_schema_version": 0
        }
      ]
    },
    {
      "mode": "managed",
      "type": "local_file",
      "name": "f12",
      "provider": "provider[\"registry.terraform.io/hashicorp/local\"]",
      "instances": [
        {
          "index_key": "abcd.txt",
          "schema_version": 0,
          "attributes": {
            "content": "aaa",
            "content_base64": null,
            "content_base64sha256": "mDSHbc+wXLFnpcJJU+uljErImxrfV/KPL50JrxB+6PA=",
            "content_base64sha512": "1vZEsZgS6XtdhxZY1tNADs1Hh/rrm4mQwedggohmS+dyVxBKWNAzvPGg4JRf8GRo6+U+Lf824khCTHJzEX2sCQ==",
            "content_md5": "47bce5c74f589f4867dbd57e9ca9f808",
            "content_sha1": "7e240de74fb1ed08fa08d38063f6a6a91462a815",
            "content_sha256": "9834876dcfb05cb167a5c24953eba58c4ac89b1adf57f28f2f9d09af107ee8f0",
            "content_sha512": "d6f644b19812e97b5d871658d6d3400ecd4787faeb9b8990c1e7608288664be77257104a58d033bcf1a0e0945ff06468ebe53e2dff36e248424c7273117dac09",
            "directory_permission": "0777",
            "file_permission": "0777",
            "filename": "abcd.txt",
            "id": "7e240de74fb1ed08fa08d38063f6a6a91462a815",
            "sensitive_content": null,
            "source": null
          },
          "sensitive_attributes": [
            [
              {
                "type": "get_attr",
                "value": "sensitive_content"
              }
            ]
          ],
          "identity_schema_version": 0
        },
        {
          "index_key": "xyzd.txt",
          "schema_version": 0,
          "attributes": {
            "content": "aaa",
            "content_base64": null,
            "content_base64sha256": "mDSHbc+wXLFnpcJJU+uljErImxrfV/KPL50JrxB+6PA=",
            "content_base64sha512": "1vZEsZgS6XtdhxZY1tNADs1Hh/rrm4mQwedggohmS+dyVxBKWNAzvPGg4JRf8GRo6+U+Lf824khCTHJzEX2sCQ==",
            "content_md5": "47bce5c74f589f4867dbd57e9ca9f808",
            "content_sha1": "7e240de74fb1ed08fa08d38063f6a6a91462a815",
            "content_sha256": "9834876dcfb05cb167a5c24953eba58c4ac89b1adf57f28f2f9d09af107ee8f0",
            "content_sha512": "d6f644b19812e97b5d871658d6d3400ecd4787faeb9b8990c1e7608288664be77257104a58d033bcf1a0e0945ff06468ebe53e2dff36e248424c7273117dac09",
            "directory_permission": "0777",
            "file_permission": "0777",
            "filename": "xyzd.txt",
            "id": "7e240de74fb1ed08fa08d38063f6a6a91462a815",
            "sensitive_content": null,
            "source": null
          },
          "sensitive_attributes": [
            [
              {
                "type": "get_attr",
                "value": "sensitive_content"
              }
            ]
          ],
          "identity_schema_version": 0
        }
      ]
    },
    {
      "mode": "managed",
      "type": "local_file",
      "name": "f13",
      "provider": "provider[\"registry.terraform.io/hashicorp/local\"]",
      "instances": [
        {
          "index_key": 0,
          "schema_version": 0,
          "attributes": {
            "content": "Content in f13",
            "content_base64": null,
            "content_base64sha256": "HSFxLM9bwTgdzH+ZJV/4yAHs9yqHvBGSPjIRV3bgOew=",
            "content_base64sha512": "mcg6brpz7Xm0wruyuJnl8K/haMP6YqNu6H+kBvp/arh4DqkEh01JCuBfor5cYJykB6W+2SOh78ts1tUJ0qzllQ==",
            "content_md5": "3f2217efa2372eb330cc67f946397bfc",
            "content_sha1": "06925bfba8cc0ab4e776faa6b8e3ef5bfa7d19fc",
            "content_sha256": "1d21712ccf5bc1381dcc7f99255ff8c801ecf72a87bc11923e32115776e039ec",
            "content_sha512": "99c83a6eba73ed79b4c2bbb2b899e5f0afe168c3fa62a36ee87fa406fa7f6ab8780ea904874d490ae05fa2be5c609ca407a5bed923a1efcb6cd6d509d2ace595",
            "directory_permission": "0777",
            "file_permission": "0777",
            "filename": "abc.txt",
            "id": "06925bfba8cc0ab4e776faa6b8e3ef5bfa7d19fc",
            "sensitive_content": null,
            "source": null
          },
          "sensitive_attributes": [
            [
              {
                "type": "get_attr",
                "value": "sensitive_content"
              }
            ]
          ],
          "identity_schema_version": 0
        },
        {
          "index_key": 1,
          "schema_version": 0,
          "attributes": {
            "content": "Content in f13",
            "content_base64": null,
            "content_base64sha256": "HSFxLM9bwTgdzH+ZJV/4yAHs9yqHvBGSPjIRV3bgOew=",
            "content_base64sha512": "mcg6brpz7Xm0wruyuJnl8K/haMP6YqNu6H+kBvp/arh4DqkEh01JCuBfor5cYJykB6W+2SOh78ts1tUJ0qzllQ==",
            "content_md5": "3f2217efa2372eb330cc67f946397bfc",
            "content_sha1": "06925bfba8cc0ab4e776faa6b8e3ef5bfa7d19fc",
            "content_sha256": "1d21712ccf5bc1381dcc7f99255ff8c801ecf72a87bc11923e32115776e039ec",
            "content_sha512": "99c83a6eba73ed79b4c2bbb2b899e5f0afe168c3fa62a36ee87fa406fa7f6ab8780ea904874d490ae05fa2be5c609ca407a5bed923a1efcb6cd6d509d2ace595",
            "directory_permission": "0777",
            "file_permission": "0777",
            "filename": "xyz.txt",
            "id": "06925bfba8cc0ab4e776faa6b8e3ef5bfa7d19fc",
            "sensitive_content": null,
            "source": null
          },
          "sensitive_attributes": [
            [
              {
                "type": "get_attr",
                "value": "sensitive_content"
              }
            ]
          ],
          "identity_schema_version": 0
        }
      ]
    },
    {
      "mode": "managed",
      "type": "local_file",
      "name": "f2",
      "provider": "provider[\"registry.terraform.io/hashicorp/local\"]",
      "instances": [
        {
          "schema_version": 0,
          "attributes": {
            "content": "40dc1cc304ef1a0f776e935f07a5fdbd0d700a47",
            "content_base64": null,
            "content_base64sha256": "i48eudRvZWS6Ior3cegNviG9F84rBngVGB4i0lbiDL8=",
            "content_base64sha512": "5og8ujg4BHkf3fhysm7oiKxDnkRn7su2ouh5LqqPcben1+/hvl5hRpxpyL2qbGTFWT24SfbdelEbA92kl5EwQw==",
            "content_md5": "fba4d8016a23f4930f97e0e2cd9df012",
            "content_sha1": "90b40a2029badcbf97c616bd6e1581bb57c17842",
            "content_sha256": "8b8f1eb9d46f6564ba228af771e80dbe21bd17ce2b067815181e22d256e20cbf",
            "content_sha512": "e6883cba383804791fddf872b26ee888ac439e4467eecbb6a2e8792eaa8f71b7a7d7efe1be5e61469c69c8bdaa6c64c5593db849f6dd7a511b03dda497913043",
            "directory_permission": "0777",
            "file_permission": "0777",
            "filename": "xyz",
            "id": "90b40a2029badcbf97c616bd6e1581bb57c17842",
            "sensitive_content": null,
            "source": null
          },
          "sensitive_attributes": [
            [
              {
                "type": "get_attr",
                "value": "sensitive_content"
              }
            ]
          ],
          "identity_schema_version": 0,
          "dependencies": [
            "local_file.f1",
            "local_file.f3"
          ],
          "create_before_destroy": true
        }
      ]
    },
    {
      "mode": "managed",
      "type": "local_file",
      "name": "f3",
      "provider": "provider[\"registry.terraform.io/hashicorp/local\"]",
      "instances": [
        {
          "schema_version": 0,
          "attributes": {
            "content": "content in file 3",
            "content_base64": null,
            "content_base64sha256": "Y9tr/ndGNAZhfS+VK517Sld929LuoZxNKcj2NZJTk5A=",
            "content_base64sha512": "yCfZq2rhzxZ/z+G9DrGbFuxkCxWmEd25AbmLX1Us1g/N8+SjjLDPnvdaBktVITwwBUzT4gEDFPkiZDZML2jAtQ==",
            "content_md5": "2e755d1359c23e021f1c71b6a4b13199",
            "content_sha1": "f7627d8453641eba6c3cc61e6f33f803c140ae2b",
            "content_sha256": "63db6bfe77463406617d2f952b9d7b4a577ddbd2eea19c4d29c8f63592539390",
            "content_sha512": "c827d9ab6ae1cf167fcfe1bd0eb19b16ec640b15a611ddb901b98b5f552cd60fcdf3e4a38cb0cf9ef75a064b55213c30054cd3e2010314f92264364c2f68c0b5",
            "directory_permission": "0777",
            "file_permission": "0777",
            "filename": "abcd",
            "id": "f7627d8453641eba6c3cc61e6f33f803c140ae2b",
            "sensitive_content": null,
            "source": null
          },
          "sensitive_attributes": [
            [
              {
                "type": "get_attr",
                "value": "sensitive_content"
              }
            ]
          ],
          "identity_schema_version": 0,
          "create_before_destroy": true
        }
      ]
    },
    {
      "mode": "managed",
      "type": "local_file",
      "name": "f4",
      "provider": "provider[\"registry.terraform.io/hashicorp/local\"]",
      "instances": [
        {
          "schema_version": 0,
          "attributes": {
            "content": "content in file 4",
            "content_base64": null,
            "content_base64sha256": "ZMFGhrbbR30zpK0mes+v0vR3ZPbxGMG7DE3tXlEYrCI=",
            "content_base64sha512": "daezSBRilwlcgXnTctjGfelOYPt6h1GOOK5VmuEv2mF6AdvwihTLv1pwhUeNrBdrQC4I4sF4yRPVOp83rQY4jQ==",
            "content_md5": "e0edd6d6adedb9c8b0b5f22e2ccb5526",
            "content_sha1": "d57eca966bce185794f42ba4aaf436483abe9e6f",
            "content_sha256": "64c14686b6db477d33a4ad267acfafd2f47764f6f118c1bb0c4ded5e5118ac22",
            "content_sha512": "75a7b348146297095c8179d372d8c67de94e60fb7a87518e38ae559ae12fda617a01dbf08a14cbbf5a7085478dac176b402e08e2c178c913d53a9f37ad06388d",
            "directory_permission": "0777",
            "file_permission": "0777",
            "filename": "xyz2",
            "id": "d57eca966bce185794f42ba4aaf436483abe9e6f",
            "sensitive_content": null,
            "source": null
          },
          "sensitive_attributes": [
            [
              {
                "type": "get_attr",
                "value": "sensitive_content"
              }
            ]
          ],
          "identity_schema_version": 0,
          "dependencies": [
            "local_file.f1",
            "local_file.f2",
            "local_file.f3"
          ],
          "create_before_destroy": true
        }
      ]
    },
    {
      "mode": "managed",
      "type": "local_file",
      "name": "f5",
      "provider": "provider[\"registry.terraform.io/hashicorp/local\"]",
      "instances": [
        {
          "schema_version": 0,
          "attributes": {
            "content": "content in file 5_modified",
            "content_base64": null,
            "content_base64sha256": "2rSvnkUvb/iOeIfKqfL7/ivtQvNn3J3kss+SzU/CKgc=",
            "content_base64sha512": "QlYemGNweo8btrDurHNhRGBytQO3slE1WFiYXL8+Uy4bT5rEXVl9gEdYVTeNaq61VEYLRxLPKJNRCQ5kjFJe6w==",
            "content_md5": "dcffc165bdfc30ba1c0baaee79a11db4",
            "content_sha1": "002b05eaee10371a7390d95175fabcc624bb5ca3",
            "content_sha256": "dab4af9e452f6ff88e7887caa9f2fbfe2bed42f367dc9de4b2cf92cd4fc22a07",
            "content_sha512": "42561e9863707a8f1bb6b0eeac7361446072b503b7b251355858985cbf3e532e1b4f9ac45d597d80475855378d6aaeb554460b4712cf289351090e648c525eeb",
            "directory_permission": "0777",
            "file_permission": "0777",
            "filename": "newfile5_modified",
            "id": "002b05eaee10371a7390d95175fabcc624bb5ca3",
            "sensitive_content": null,
            "source": null
          },
          "sensitive_attributes": [
            [
              {
                "type": "get_attr",
                "value": "sensitive_content"
              }
            ]
          ],
          "identity_schema_version": 0
        }
      ]
    }
  ],
  "check_results": null
}
