{
  "version": 4,
  "terraform_version": "1.14.3",
  "serial": 6,
  "lineage": "dc88d92d-e2cf-3a4b-f6d9-2116cfdd4661",
  "outputs": {
    "filecontent": {
      "value": "UHJhY3RpY2Ugb2YgZ2l0IHRhZ3MKR2l0IHJlc2V0CgoKZndlcmYKCndndwp3Z3JlaGdyaWcgd2VncgpIRUxMTyBXT1JMRAo=",
      "type": "string"
    }
  },
  "resources": [
    {
      "mode": "data",
      "type": "local_file",
      "name": "readfile",
      "provider": "provider[\"registry.terraform.io/hashicorp/local\"]",
      "instances": [
        {
          "schema_version": 0,
          "attributes": {
            "content": "Practice of git tags\nGit reset\n\n\nfwerf\n\nwgw\nwgrehgrig wegr\nHELLO WORLD\n",
            "content_base64": "UHJhY3RpY2Ugb2YgZ2l0IHRhZ3MKR2l0IHJlc2V0CgoKZndlcmYKCndndwp3Z3JlaGdyaWcgd2VncgpIRUxMTyBXT1JMRAo=",
            "content_base64sha256": "pHOhXQ0Ami10rNrxaQF7tAHcukuXIX9Gca0Pm6TM16M=",
            "content_base64sha512": "SxSYwuzr3/XeiCE5v64Aoqslk0gRJ4AyvbZUBMpAm7m9WrJ4wY63dxJPjbVh0kdtsRBKqKfjCWbkvmuCvoyldw==",
            "content_md5": "0de546fd7a4d3cacadde3b1cbc89e42c",
            "content_sha1": "fb3a5d343819e3810cdf0928f5dfbda86405eb89",
            "content_sha256": "a473a15d0d009a2d74acdaf169017bb401dcba4b97217f4671ad0f9ba4ccd7a3",
            "content_sha512": "4b1498c2ecebdff5de882139bfae00a2ab25934811278032bdb65404ca409bb9bd5ab278c18eb777124f8db561d2476db1104aa8a7e30966e4be6b82be8ca577",
            "filename": "/home/bhuvan/Desktop/ABC/gitClass5.txt",
            "id": "fb3a5d343819e3810cdf0928f5dfbda86405eb89"
          },
          "sensitive_attributes": [],
          "identity_schema_version": 0
        }
      ]
    },
    {
      "mode": "managed",
      "type": "local_file",
      "name": "f1",
      "provider": "provider[\"registry.terraform.io/hashicorp/local\"]",
      "instances": [
        {
          "schema_version": 0,
          "attributes": {
            "content": "UHJhY3RpY2Ugb2YgZ2l0IHRhZ3MKR2l0IHJlc2V0CgoKZndlcmYKCndndwp3Z3JlaGdyaWcgd2VncgpIRUxMTyBXT1JMRAo=",
            "content_base64": null,
            "content_base64sha256": "ohIMv4r8NWPemKBcop2uuQUCR3JxEP47hngZxW6P9T0=",
            "content_base64sha512": "GNenk1yZqNIiICISWcaljYifQ0Ge+Okfza0mLU8Ezlu77JKDfGucBu0FKQ5eAl4PcckQiRXUC94nw36sjvsY0g==",
            "content_md5": "f070461b7f34a7956f50ab498caa3e0a",
            "content_sha1": "a3b1394e15ec8db8cba742a807052179cf0ddfd5",
            "content_sha256": "a2120cbf8afc3563de98a05ca29daeb9050247727110fe3b867819c56e8ff53d",
            "content_sha512": "18d7a7935c99a8d22220221259c6a58d889f43419ef8e91fcdad262d4f04ce5bbbec92837c6b9c06ed05290e5e025e0f71c9108915d40bde27c37eac8efb18d2",
            "directory_permission": "0777",
            "file_permission": "0777",
            "filename": "a.prop",
            "id": "a3b1394e15ec8db8cba742a807052179cf0ddfd5",
            "sensitive_content": null,
            "source": null
          },
          "sensitive_attributes": [
            [
              {
                "type": "get_attr",
                "value": "sensitive_content"
              }
            ]
          ],
          "identity_schema_version": 0,
          "dependencies": [
            "data.local_file.readfile"
          ]
        }
      ]
    }
  ],
  "check_results": null
}
