{
  "version": 4,
  "terraform_version": "1.14.3",
  "serial": 36,
  "lineage": "b8e3e806-68e2-c237-c399-a42d07908033",
  "outputs": {
    "fid": {
      "value": "7a4e50427bfb3f19d9fa348248326e8f13391e23",
      "type": "string"
    },
    "oa1": {
      "value": "A1",
      "type": "string"
    },
    "oa2": {
      "value": "A2",
      "type": "string"
    },
    "oa3": {
      "value": "A3",
      "type": "string"
    },
    "oa4": {
      "value": "A4",
      "type": "string"
    },
    "oa5": {
      "value": "A5",
      "type": "string"
    }
  },
  "resources": [
    {
      "mode": "managed",
      "type": "local_file",
      "name": "f1",
      "provider": "provider[\"registry.terraform.io/hashicorp/local\"]",
      "instances": [
        {
          "schema_version": 0,
          "attributes": {
            "content": "this is test from locals",
            "content_base64": null,
            "content_base64sha256": "od4EYJmmsDqDs7AAUgp2yhsXmAgbsuEtgTdaA0c4QEs=",
            "content_base64sha512": "mYnvbUJWJvIev85GpYV9E3AJKCle9FbbpB3cULAN6x6r/jNFGX/TBW39pGhg5EMHEQ1tiPqVqW9qoZiCScVzIQ==",
            "content_md5": "71fedfadc94ecbd8d2d15ffc88305763",
            "content_sha1": "7a4e50427bfb3f19d9fa348248326e8f13391e23",
            "content_sha256": "a1de046099a6b03a83b3b000520a76ca1b1798081bb2e12d81375a034738404b",
            "content_sha512": "9989ef6d425626f21ebfce46a5857d13700928295ef456dba41ddc50b00deb1eabfe3345197fd3056dfda46860e44307110d6d88fa95a96f6aa1988249c57321",
            "directory_permission": "0777",
            "file_permission": "0777",
            "filename": "abc.txt",
            "id": "7a4e50427bfb3f19d9fa348248326e8f13391e23",
            "sensitive_content": null,
            "source": null
          },
          "sensitive_attributes": [
            [
              {
                "type": "get_attr",
                "value": "sensitive_content"
              }
            ]
          ],
          "identity_schema_version": 0
        }
      ]
    },
    {
      "mode": "managed",
      "type": "local_file",
      "name": "f2",
      "provider": "provider[\"registry.terraform.io/hashicorp/local\"]",
      "instances": [
        {
          "schema_version": 0,
          "attributes": {
            "content": "weg",
            "content_base64": null,
            "content_base64sha256": "AnvRT7eP2cqO8RXGE28dezqBCvLFCCw2FrZ5dGcXmIc=",
            "content_base64sha512": "wD0g0VcgTzGWqwOEya9CcvwAc9u/BAgpQAteB4MSd5UT8gUnk6WQ3UB/UsVdXDKgLE5qQ0h1a+ZNGf2Zv62NbA==",
            "content_md5": "793805d61d24ed4ade56d8ba1a808dbf",
            "content_sha1": "4c0473d21a5fd506e801a545052c06290dedc162",
            "content_sha256": "027bd14fb78fd9ca8ef115c6136f1d7b3a810af2c5082c3616b6797467179887",
            "content_sha512": "c03d20d157204f3196ab0384c9af4272fc0073dbbf040829400b5e078312779513f2052793a590dd407f52c55d5c32a02c4e6a4348756be64d19fd99bfad8d6c",
            "directory_permission": "0777",
            "file_permission": "0777",
            "filename": "abc1.txt",
            "id": "4c0473d21a5fd506e801a545052c06290dedc162",
            "sensitive_content": null,
            "source": null
          },
          "sensitive_attributes": [
            [
              {
                "type": "get_attr",
                "value": "sensitive_content"
              }
            ]
          ],
          "identity_schema_version": 0
        }
      ]
    }
  ],
  "check_results": null
}
