{
  "version": 4,
  "terraform_version": "1.14.3",
  "serial": 14,
  "lineage": "0525738f-ddb6-c9f3-0c49-2cae252942c7",
  "outputs": {},
  "resources": [
    {
      "mode": "managed",
      "type": "local_file",
      "name": "firstfile",
      "provider": "provider[\"registry.terraform.io/hashicorp/local\"]",
      "instances": [
        {
          "schema_version": 0,
          "attributes": {
            "content": "This is my third file created from terraform",
            "content_base64": null,
            "content_base64sha256": "F8yk9ZIhXDhkcGBa/ai8HTSu2djqxBip/pLCQacPuqE=",
            "content_base64sha512": "EFvxlOC4ZKJIomvpZPuNUbhpaakOMDCqeat6oXDxRP7/kV/peVsnss5cNmhQdaHo4LahtoZQGTXvtWkJbNfRqw==",
            "content_md5": "d16b6275fb2db34c667ec899586fe981",
            "content_sha1": "bf7e6e684332691ce680a4f195af9ed0ac8a6bf0",
            "content_sha256": "17cca4f592215c386470605afda8bc1d34aed9d8eac418a9fe92c241a70fbaa1",
            "content_sha512": "105bf194e0b864a248a26be964fb8d51b86969a90e3030aa79ab7aa170f144feff915fe9795b27b2ce5c36685075a1e8e0b6a1b686501935efb569096cd7d1ab",
            "directory_permission": "0777",
            "file_permission": "0777",
            "filename": "abc.txt",
            "id": "bf7e6e684332691ce680a4f195af9ed0ac8a6bf0",
            "sensitive_content": null,
            "source": null
          },
          "sensitive_attributes": [
            [
              {
                "type": "get_attr",
                "value": "sensitive_content"
              }
            ]
          ],
          "identity_schema_version": 0
        }
      ]
    },
    {
      "mode": "managed",
      "type": "local_file",
      "name": "firstfile1",
      "provider": "provider[\"registry.terraform.io/hashicorp/local\"]",
      "instances": [
        {
          "schema_version": 0,
          "attributes": {
            "content": null,
            "content_base64": null,
            "content_base64sha256": "qRX/mmQHpViMLbO+X4MMsgPlKwGn9iyMcE+0jCLn39w=",
            "content_base64sha512": "LAYzAd9DJvwi7ekHDWd/p1R6mwgtz5s4mqCgZPChAoMG6qUYGXOAFSh31cF0jrt0l77wJUqcKPfBo4iSOuTuyA==",
            "content_md5": "a38a642a765b04a3af4a0989fc8c0f0c",
            "content_sha1": "b60cbff2b29e0a74d9ad70ae4be5419edec9745f",
            "content_sha256": "a915ff9a6407a5588c2db3be5f830cb203e52b01a7f62c8c704fb48c22e7dfdc",
            "content_sha512": "2c063301df4326fc22ede9070d677fa7547a9b082dcf9b389aa0a064f0a1028306eaa518197380152877d5c1748ebb7497bef0254a9c28f7c1a388923ae4eec8",
            "directory_permission": "0777",
            "file_permission": "0777",
            "filename": "a/b/abc1.txt",
            "id": "b60cbff2b29e0a74d9ad70ae4be5419edec9745f",
            "sensitive_content": "This is my third file created from terraform with Base 64 encoding",
            "source": null
          },
          "sensitive_attributes": [
            [
              {
                "type": "get_attr",
                "value": "sensitive_content"
              }
            ]
          ],
          "identity_schema_version": 0
        }
      ]
    },
    {
      "mode": "managed",
      "type": "local_file",
      "name": "firstfile2",
      "provider": "provider[\"registry.terraform.io/hashicorp/local\"]",
      "instances": [
        {
          "schema_version": 0,
          "attributes": {
            "content": null,
            "content_base64": "VGhpcyBpcyBhIGZpbGUgY3JlYXRlZCBmcm9tIHRlcnJhZm9ybSB3aXRoIEJhc2UgNjQgZW5jb2Rpbmcu",
            "content_base64sha256": "Jk2XYvH/y40H9LNzPzR1HjHjVxYzD6cC51FUHg8kdjc=",
            "content_base64sha512": "ULTOuU7q2WOq5zt0omHWcPejci+nQ01vNYk0KYJntZcYYSc18y6ta69lNGeCK1FtdwZ0fzSAymGwkI+3k3peMw==",
            "content_md5": "5a08882c180860fc3244a7134837a039",
            "content_sha1": "05a4b14e3943cfd59e7f20314616191b6de0e3fe",
            "content_sha256": "264d9762f1ffcb8d07f4b3733f34751e31e35716330fa702e751541e0f247637",
            "content_sha512": "50b4ceb94eead963aae73b74a261d670f7a3722fa7434d6f358934298267b59718612735f32ead6baf653467822b516d7706747f3480ca61b0908fb7937a5e33",
            "directory_permission": "0777",
            "file_permission": "0777",
            "filename": "a/abc_base64.txt",
            "id": "05a4b14e3943cfd59e7f20314616191b6de0e3fe",
            "sensitive_content": null,
            "source": null
          },
          "sensitive_attributes": [
            [
              {
                "type": "get_attr",
                "value": "sensitive_content"
              }
            ]
          ],
          "identity_schema_version": 0
        }
      ]
    }
  ],
  "check_results": null
}
