{
  "version": 4,
  "terraform_version": "1.14.3",
  "serial": 12,
  "lineage": "0525738f-ddb6-c9f3-0c49-2cae252942c7",
  "outputs": {},
  "resources": [
    {
      "mode": "managed",
      "type": "local_file",
      "name": "firstfile",
      "provider": "provider[\"registry.terraform.io/hashicorp/local\"]",
      "instances": [
        {
          "schema_version": 0,
          "attributes": {
            "content": "This is my third file created from terraform",
            "content_base64": null,
            "content_base64sha256": "F8yk9ZIhXDhkcGBa/ai8HTSu2djqxBip/pLCQacPuqE=",
            "content_base64sha512": "EFvxlOC4ZKJIomvpZPuNUbhpaakOMDCqeat6oXDxRP7/kV/peVsnss5cNmhQdaHo4LahtoZQGTXvtWkJbNfRqw==",
            "content_md5": "d16b6275fb2db34c667ec899586fe981",
            "content_sha1": "bf7e6e684332691ce680a4f195af9ed0ac8a6bf0",
            "content_sha256": "17cca4f592215c386470605afda8bc1d34aed9d8eac418a9fe92c241a70fbaa1",
            "content_sha512": "105bf194e0b864a248a26be964fb8d51b86969a90e3030aa79ab7aa170f144feff915fe9795b27b2ce5c36685075a1e8e0b6a1b686501935efb569096cd7d1ab",
            "directory_permission": "0777",
            "file_permission": "0777",
            "filename": "abc.txt",
            "id": "bf7e6e684332691ce680a4f195af9ed0ac8a6bf0",
            "sensitive_content": null,
            "source": null
          },
          "sensitive_attributes": [
            [
              {
                "type": "get_attr",
                "value": "sensitive_content"
              }
            ]
          ],
          "identity_schema_version": 0
        }
      ]
    },
    {
      "mode": "managed",
      "type": "local_file",
      "name": "firstfile1",
      "provider": "provider[\"registry.terraform.io/hashicorp/local\"]",
      "instances": [
        {
          "schema_version": 0,
          "attributes": {
            "content": null,
            "content_base64": null,
            "content_base64sha256": "qRX/mmQHpViMLbO+X4MMsgPlKwGn9iyMcE+0jCLn39w=",
            "content_base64sha512": "LAYzAd9DJvwi7ekHDWd/p1R6mwgtz5s4mqCgZPChAoMG6qUYGXOAFSh31cF0jrt0l77wJUqcKPfBo4iSOuTuyA==",
            "content_md5": "a38a642a765b04a3af4a0989fc8c0f0c",
            "content_sha1": "b60cbff2b29e0a74d9ad70ae4be5419edec9745f",
            "content_sha256": "a915ff9a6407a5588c2db3be5f830cb203e52b01a7f62c8c704fb48c22e7dfdc",
            "content_sha512": "2c063301df4326fc22ede9070d677fa7547a9b082dcf9b389aa0a064f0a1028306eaa518197380152877d5c1748ebb7497bef0254a9c28f7c1a388923ae4eec8",
            "directory_permission": "0777",
            "file_permission": "0777",
            "filename": "a/b/abc1.txt",
            "id": "b60cbff2b29e0a74d9ad70ae4be5419edec9745f",
            "sensitive_content": "This is my third file created from terraform with Base 64 encoding",
            "source": null
          },
          "sensitive_attributes": [
            [
              {
                "type": "get_attr",
                "value": "sensitive_content"
              }
            ]
          ],
          "identity_schema_version": 0
        }
      ]
    }
  ],
  "check_results": null
}
